
Microsoft Visual Studio Solution File, Format Version 12.00
# Visual Studio 15
VisualStudioVersion = 15.0.27428.2037
MinimumVisualStudioVersion = 10.0.40219.1
Project("{9A19103F-16F7-4668-BE54-9A1E7A4F7556}") = "AuthorisationWebApi", "..\AuthorisationWebApi\AuthorisationWebApi.csproj", "{7994C74A-87EB-4B4C-AB79-2DB86244DB38}"
EndProject
Project("{FAE04EC0-301F-11D3-BF4B-00C04F79EFBC}") = "FaceAuth", "WinClient\FaceAuth.csproj", "{8AD99216-9B18-4BF3-94E0-15B20C61F7FF}"
EndProject
Project("{2150E333-8FDC-42A3-9474-1A3956D46DE8}") = "Solution Items", "Solution Items", "{8EF5497E-5E23-4632-9D5E-BC2DD521E1CE}"
	ProjectSection(SolutionItems) = preProject
		Components.txt = Components.txt
	EndProjectSection
EndProject
Project("{FAE04EC0-301F-11D3-BF4B-00C04F79EFBC}") = "Authorisation.Infrastructure", "..\Authorisation.Infrastructure\Authorisation.Infrastructure.csproj", "{080FD06C-40AD-4203-B581-A6481CAE3902}"
EndProject
Project("{FAE04EC0-301F-11D3-BF4B-00C04F79EFBC}") = "Authorisation.Core", "..\Authorisation.Core\Authorisation.Core.csproj", "{97709527-16A9-4644-8110-F0E96CDBBC26}"
EndProject
Project("{FAE04EC0-301F-11D3-BF4B-00C04F79EFBC}") = "Authorisation.Adaptor", "..\Authorisation.Adaptor\Authorisation.Adaptor.csproj", "{6385A513-5EB7-4717-B832-B72F96D51BC0}"
EndProject
Global
	GlobalSection(SolutionConfigurationPlatforms) = preSolution
		Debug|Any CPU = Debug|Any CPU
		Debug|ARM = Debug|ARM
		Debug|x64 = Debug|x64
		Debug|x86 = Debug|x86
		Release|Any CPU = Release|Any CPU
		Release|ARM = Release|ARM
		Release|x64 = Release|x64
		Release|x86 = Release|x86
	EndGlobalSection
	GlobalSection(ProjectConfigurationPlatforms) = postSolution
		{7994C74A-87EB-4B4C-AB79-2DB86244DB38}.Debug|Any CPU.ActiveCfg = Debug|Any CPU
		{7994C74A-87EB-4B4C-AB79-2DB86244DB38}.Debug|Any CPU.Build.0 = Debug|Any CPU
		{7994C74A-87EB-4B4C-AB79-2DB86244DB38}.Debug|ARM.ActiveCfg = Debug|Any CPU
		{7994C74A-87EB-4B4C-AB79-2DB86244DB38}.Debug|ARM.Build.0 = Debug|Any CPU
		{7994C74A-87EB-4B4C-AB79-2DB86244DB38}.Debug|x64.ActiveCfg = Debug|Any CPU
		{7994C74A-87EB-4B4C-AB79-2DB86244DB38}.Debug|x64.Build.0 = Debug|Any CPU
		{7994C74A-87EB-4B4C-AB79-2DB86244DB38}.Debug|x86.ActiveCfg = Debug|Any CPU
		{7994C74A-87EB-4B4C-AB79-2DB86244DB38}.Debug|x86.Build.0 = Debug|Any CPU
		{7994C74A-87EB-4B4C-AB79-2DB86244DB38}.Release|Any CPU.ActiveCfg = Release|Any CPU
		{7994C74A-87EB-4B4C-AB79-2DB86244DB38}.Release|Any CPU.Build.0 = Release|Any CPU
		{7994C74A-87EB-4B4C-AB79-2DB86244DB38}.Release|ARM.ActiveCfg = Release|Any CPU
		{7994C74A-87EB-4B4C-AB79-2DB86244DB38}.Release|ARM.Build.0 = Release|Any CPU
		{7994C74A-87EB-4B4C-AB79-2DB86244DB38}.Release|x64.ActiveCfg = Release|Any CPU
		{7994C74A-87EB-4B4C-AB79-2DB86244DB38}.Release|x64.Build.0 = Release|Any CPU
		{7994C74A-87EB-4B4C-AB79-2DB86244DB38}.Release|x86.ActiveCfg = Release|Any CPU
		{7994C74A-87EB-4B4C-AB79-2DB86244DB38}.Release|x86.Build.0 = Release|Any CPU
		{8AD99216-9B18-4BF3-94E0-15B20C61F7FF}.Debug|Any CPU.ActiveCfg = Debug|x86
		{8AD99216-9B18-4BF3-94E0-15B20C61F7FF}.Debug|ARM.ActiveCfg = Debug|ARM
		{8AD99216-9B18-4BF3-94E0-15B20C61F7FF}.Debug|ARM.Build.0 = Debug|ARM
		{8AD99216-9B18-4BF3-94E0-15B20C61F7FF}.Debug|ARM.Deploy.0 = Debug|ARM
		{8AD99216-9B18-4BF3-94E0-15B20C61F7FF}.Debug|x64.ActiveCfg = Debug|x64
		{8AD99216-9B18-4BF3-94E0-15B20C61F7FF}.Debug|x64.Build.0 = Debug|x64
		{8AD99216-9B18-4BF3-94E0-15B20C61F7FF}.Debug|x64.Deploy.0 = Debug|x64
		{8AD99216-9B18-4BF3-94E0-15B20C61F7FF}.Debug|x86.ActiveCfg = Debug|x86
		{8AD99216-9B18-4BF3-94E0-15B20C61F7FF}.Debug|x86.Build.0 = Debug|x86
		{8AD99216-9B18-4BF3-94E0-15B20C61F7FF}.Debug|x86.Deploy.0 = Debug|x86
		{8AD99216-9B18-4BF3-94E0-15B20C61F7FF}.Release|Any CPU.ActiveCfg = Release|x86
		{8AD99216-9B18-4BF3-94E0-15B20C61F7FF}.Release|ARM.ActiveCfg = Release|ARM
		{8AD99216-9B18-4BF3-94E0-15B20C61F7FF}.Release|ARM.Build.0 = Release|ARM
		{8AD99216-9B18-4BF3-94E0-15B20C61F7FF}.Release|ARM.Deploy.0 = Release|ARM
		{8AD99216-9B18-4BF3-94E0-15B20C61F7FF}.Release|x64.ActiveCfg = Release|x64
		{8AD99216-9B18-4BF3-94E0-15B20C61F7FF}.Release|x64.Build.0 = Release|x64
		{8AD99216-9B18-4BF3-94E0-15B20C61F7FF}.Release|x64.Deploy.0 = Release|x64
		{8AD99216-9B18-4BF3-94E0-15B20C61F7FF}.Release|x86.ActiveCfg = Release|x86
		{8AD99216-9B18-4BF3-94E0-15B20C61F7FF}.Release|x86.Build.0 = Release|x86
		{8AD99216-9B18-4BF3-94E0-15B20C61F7FF}.Release|x86.Deploy.0 = Release|x86
		{080FD06C-40AD-4203-B581-A6481CAE3902}.Debug|Any CPU.ActiveCfg = Debug|Any CPU
		{080FD06C-40AD-4203-B581-A6481CAE3902}.Debug|Any CPU.Build.0 = Debug|Any CPU
		{080FD06C-40AD-4203-B581-A6481CAE3902}.Debug|ARM.ActiveCfg = Debug|Any CPU
		{080FD06C-40AD-4203-B581-A6481CAE3902}.Debug|ARM.Build.0 = Debug|Any CPU
		{080FD06C-40AD-4203-B581-A6481CAE3902}.Debug|x64.ActiveCfg = Debug|Any CPU
		{080FD06C-40AD-4203-B581-A6481CAE3902}.Debug|x64.Build.0 = Debug|Any CPU
		{080FD06C-40AD-4203-B581-A6481CAE3902}.Debug|x86.ActiveCfg = Debug|Any CPU
		{080FD06C-40AD-4203-B581-A6481CAE3902}.Debug|x86.Build.0 = Debug|Any CPU
		{080FD06C-40AD-4203-B581-A6481CAE3902}.Release|Any CPU.ActiveCfg = Release|Any CPU
		{080FD06C-40AD-4203-B581-A6481CAE3902}.Release|Any CPU.Build.0 = Release|Any CPU
		{080FD06C-40AD-4203-B581-A6481CAE3902}.Release|ARM.ActiveCfg = Release|Any CPU
		{080FD06C-40AD-4203-B581-A6481CAE3902}.Release|ARM.Build.0 = Release|Any CPU
		{080FD06C-40AD-4203-B581-A6481CAE3902}.Release|x64.ActiveCfg = Release|Any CPU
		{080FD06C-40AD-4203-B581-A6481CAE3902}.Release|x64.Build.0 = Release|Any CPU
		{080FD06C-40AD-4203-B581-A6481CAE3902}.Release|x86.ActiveCfg = Release|Any CPU
		{080FD06C-40AD-4203-B581-A6481CAE3902}.Release|x86.Build.0 = Release|Any CPU
		{97709527-16A9-4644-8110-F0E96CDBBC26}.Debug|Any CPU.ActiveCfg = Debug|Any CPU
		{97709527-16A9-4644-8110-F0E96CDBBC26}.Debug|Any CPU.Build.0 = Debug|Any CPU
		{97709527-16A9-4644-8110-F0E96CDBBC26}.Debug|ARM.ActiveCfg = Debug|Any CPU
		{97709527-16A9-4644-8110-F0E96CDBBC26}.Debug|ARM.Build.0 = Debug|Any CPU
		{97709527-16A9-4644-8110-F0E96CDBBC26}.Debug|x64.ActiveCfg = Debug|Any CPU
		{97709527-16A9-4644-8110-F0E96CDBBC26}.Debug|x64.Build.0 = Debug|Any CPU
		{97709527-16A9-4644-8110-F0E96CDBBC26}.Debug|x86.ActiveCfg = Debug|Any CPU
		{97709527-16A9-4644-8110-F0E96CDBBC26}.Debug|x86.Build.0 = Debug|Any CPU
		{97709527-16A9-4644-8110-F0E96CDBBC26}.Release|Any CPU.ActiveCfg = Release|Any CPU
		{97709527-16A9-4644-8110-F0E96CDBBC26}.Release|Any CPU.Build.0 = Release|Any CPU
		{97709527-16A9-4644-8110-F0E96CDBBC26}.Release|ARM.ActiveCfg = Release|Any CPU
		{97709527-16A9-4644-8110-F0E96CDBBC26}.Release|ARM.Build.0 = Release|Any CPU
		{97709527-16A9-4644-8110-F0E96CDBBC26}.Release|x64.ActiveCfg = Release|Any CPU
		{97709527-16A9-4644-8110-F0E96CDBBC26}.Release|x64.Build.0 = Release|Any CPU
		{97709527-16A9-4644-8110-F0E96CDBBC26}.Release|x86.ActiveCfg = Release|Any CPU
		{97709527-16A9-4644-8110-F0E96CDBBC26}.Release|x86.Build.0 = Release|Any CPU
		{6385A513-5EB7-4717-B832-B72F96D51BC0}.Debug|Any CPU.ActiveCfg = Debug|Any CPU
		{6385A513-5EB7-4717-B832-B72F96D51BC0}.Debug|Any CPU.Build.0 = Debug|Any CPU
		{6385A513-5EB7-4717-B832-B72F96D51BC0}.Debug|ARM.ActiveCfg = Debug|Any CPU
		{6385A513-5EB7-4717-B832-B72F96D51BC0}.Debug|ARM.Build.0 = Debug|Any CPU
		{6385A513-5EB7-4717-B832-B72F96D51BC0}.Debug|x64.ActiveCfg = Debug|Any CPU
		{6385A513-5EB7-4717-B832-B72F96D51BC0}.Debug|x64.Build.0 = Debug|Any CPU
		{6385A513-5EB7-4717-B832-B72F96D51BC0}.Debug|x86.ActiveCfg = Debug|Any CPU
		{6385A513-5EB7-4717-B832-B72F96D51BC0}.Debug|x86.Build.0 = Debug|Any CPU
		{6385A513-5EB7-4717-B832-B72F96D51BC0}.Release|Any CPU.ActiveCfg = Release|Any CPU
		{6385A513-5EB7-4717-B832-B72F96D51BC0}.Release|Any CPU.Build.0 = Release|Any CPU
		{6385A513-5EB7-4717-B832-B72F96D51BC0}.Release|ARM.ActiveCfg = Release|Any CPU
		{6385A513-5EB7-4717-B832-B72F96D51BC0}.Release|ARM.Build.0 = Release|Any CPU
		{6385A513-5EB7-4717-B832-B72F96D51BC0}.Release|x64.ActiveCfg = Release|Any CPU
		{6385A513-5EB7-4717-B832-B72F96D51BC0}.Release|x64.Build.0 = Release|Any CPU
		{6385A513-5EB7-4717-B832-B72F96D51BC0}.Release|x86.ActiveCfg = Release|Any CPU
		{6385A513-5EB7-4717-B832-B72F96D51BC0}.Release|x86.Build.0 = Release|Any CPU
	EndGlobalSection
	GlobalSection(SolutionProperties) = preSolution
		HideSolutionNode = FALSE
	EndGlobalSection
	GlobalSection(ExtensibilityGlobals) = postSolution
		SolutionGuid = {3A6DFF35-8DD6-40C4-A67D-6712767FC73A}
	EndGlobalSection
EndGlobal
